
Microsoft Visual Studio Solution File, Format Version 12.00
# Visual Studio Version 17
VisualStudioVersion = 17.8.34330.188
MinimumVisualStudioVersion = 10.0.40219.1
Project("{FAE04EC0-301F-11D3-BF4B-00C04F79EFBC}") = "Exercise 1", "Exercise 1\Exercise 1.csproj", "{223299D8-DD43-474F-A7A5-92D635B79D79}"
EndProject
Project("{FAE04EC0-301F-11D3-BF4B-00C04F79EFBC}") = "Exercise2", "Exercise2\Exercise2.csproj", "{97FE3DA6-B77E-4111-AA5F-5AEFB1EA075F}"
EndProject
Global
	GlobalSection(SolutionConfigurationPlatforms) = preSolution
		Debug|Any CPU = Debug|Any CPU
		Release|Any CPU = Release|Any CPU
	EndGlobalSection
	GlobalSection(ProjectConfigurationPlatforms) = postSolution
		{223299D8-DD43-474F-A7A5-92D635B79D79}.Debug|Any CPU.ActiveCfg = Debug|Any CPU
		{223299D8-DD43-474F-A7A5-92D635B79D79}.Debug|Any CPU.Build.0 = Debug|Any CPU
		{223299D8-DD43-474F-A7A5-92D635B79D79}.Release|Any CPU.ActiveCfg = Release|Any CPU
		{223299D8-DD43-474F-A7A5-92D635B79D79}.Release|Any CPU.Build.0 = Release|Any CPU
		{97FE3DA6-B77E-4111-AA5F-5AEFB1EA075F}.Debug|Any CPU.ActiveCfg = Debug|Any CPU
		{97FE3DA6-B77E-4111-AA5F-5AEFB1EA075F}.Debug|Any CPU.Build.0 = Debug|Any CPU
		{97FE3DA6-B77E-4111-AA5F-5AEFB1EA075F}.Release|Any CPU.ActiveCfg = Release|Any CPU
		{97FE3DA6-B77E-4111-AA5F-5AEFB1EA075F}.Release|Any CPU.Build.0 = Release|Any CPU
	EndGlobalSection
	GlobalSection(SolutionProperties) = preSolution
		HideSolutionNode = FALSE
	EndGlobalSection
	GlobalSection(ExtensibilityGlobals) = postSolution
		SolutionGuid = {90E24F3C-1347-4055-BC81-8B4B60C803AF}
	EndGlobalSection
EndGlobal
